
Microsoft Visual Studio Solution File, Format Version 11.00
# Visual Studio 2010
Project("{FAE04EC0-301F-11D3-BF4B-00C04F79EFBC}") = "Kod-S CSharp Basamak Sayısı Bul v2.0 Gloster", "Kod-S CSharp Basamak Sayısı Bul v2.0 Gloster\Kod-S CSharp Basamak Sayısı Bul v2.0 Gloster.csproj", "{F14B264E-2F79-4917-86BE-2F82992B71DB}"
EndProject
Global
	GlobalSection(SolutionConfigurationPlatforms) = preSolution
		Debug|x86 = Debug|x86
		Release|x86 = Release|x86
	EndGlobalSection
	GlobalSection(ProjectConfigurationPlatforms) = postSolution
		{F14B264E-2F79-4917-86BE-2F82992B71DB}.Debug|x86.ActiveCfg = Debug|x86
		{F14B264E-2F79-4917-86BE-2F82992B71DB}.Debug|x86.Build.0 = Debug|x86
		{F14B264E-2F79-4917-86BE-2F82992B71DB}.Release|x86.ActiveCfg = Release|x86
		{F14B264E-2F79-4917-86BE-2F82992B71DB}.Release|x86.Build.0 = Release|x86
	EndGlobalSection
	GlobalSection(SolutionProperties) = preSolution
		HideSolutionNode = FALSE
	EndGlobalSection
EndGlobal
